
Microsoft Visual Studio Solution File, Format Version 12.00
# Visual Studio Version 16
VisualStudioVersion = 16.0.30717.126
MinimumVisualStudioVersion = 10.0.40219.1
Project("{FAE04EC0-301F-11D3-BF4B-00C04F79EFBC}") = "DesignPatterns", "DesignPatterns.csproj", "{AF68C08B-A332-4255-80C8-F0FF7AFF453B}"
EndProject
Global
	GlobalSection(SolutionConfigurationPlatforms) = preSolution
		Debug|Any CPU = Debug|Any CPU
		Release|Any CPU = Release|Any CPU
	EndGlobalSection
	GlobalSection(ProjectConfigurationPlatforms) = postSolution
		{AF68C08B-A332-4255-80C8-F0FF7AFF453B}.Debug|Any CPU.ActiveCfg = Debug|Any CPU
		{AF68C08B-A332-4255-80C8-F0FF7AFF453B}.Debug|Any CPU.Build.0 = Debug|Any CPU
		{AF68C08B-A332-4255-80C8-F0FF7AFF453B}.Release|Any CPU.ActiveCfg = Release|Any CPU
		{AF68C08B-A332-4255-80C8-F0FF7AFF453B}.Release|Any CPU.Build.0 = Release|Any CPU
	EndGlobalSection
	GlobalSection(SolutionProperties) = preSolution
		HideSolutionNode = FALSE
	EndGlobalSection
	GlobalSection(ExtensibilityGlobals) = postSolution
		SolutionGuid = {8CD7DE73-AF0E-4298-BF41-AA68B591DD4A}
	EndGlobalSection
EndGlobal
